
Microsoft Visual Studio Solution File, Format Version 12.00
# Visual Studio Version 17
VisualStudioVersion = 17.5.33502.453
MinimumVisualStudioVersion = 10.0.40219.1
Project("{F184B08F-C81C-45F6-A57F-5ABD9991F28F}") = "mercado", "mercado\mercado.vbproj", "{68B57213-E201-4063-946D-B85A2E3BC4C6}"
EndProject
Global
	GlobalSection(SolutionConfigurationPlatforms) = preSolution
		Debug|Any CPU = Debug|Any CPU
		Release|Any CPU = Release|Any CPU
	EndGlobalSection
	GlobalSection(ProjectConfigurationPlatforms) = postSolution
		{68B57213-E201-4063-946D-B85A2E3BC4C6}.Debug|Any CPU.ActiveCfg = Debug|Any CPU
		{68B57213-E201-4063-946D-B85A2E3BC4C6}.Debug|Any CPU.Build.0 = Debug|Any CPU
		{68B57213-E201-4063-946D-B85A2E3BC4C6}.Release|Any CPU.ActiveCfg = Release|Any CPU
		{68B57213-E201-4063-946D-B85A2E3BC4C6}.Release|Any CPU.Build.0 = Release|Any CPU
	EndGlobalSection
	GlobalSection(SolutionProperties) = preSolution
		HideSolutionNode = FALSE
	EndGlobalSection
	GlobalSection(ExtensibilityGlobals) = postSolution
		SolutionGuid = {8DA2B48D-65A5-44F7-B319-6A1717C6471E}
	EndGlobalSection
EndGlobal
